
Microsoft Visual Studio Solution File, Format Version 12.00
# Visual Studio Version 16
VisualStudioVersion = 16.0.29920.165
MinimumVisualStudioVersion = 10.0.40219.1
Project("{8BC9CEB8-8B4A-11D0-8D11-00A0C91BC942}") = "ConcurrentMap2", "ConcurrentMap2\ConcurrentMap2.vcxproj", "{BFF554B2-B367-4985-B008-E80F3CE25533}"
EndProject
Global
	GlobalSection(SolutionConfigurationPlatforms) = preSolution
		Debug|x64 = Debug|x64
		Debug|x86 = Debug|x86
		Release|x64 = Release|x64
		Release|x86 = Release|x86
	EndGlobalSection
	GlobalSection(ProjectConfigurationPlatforms) = postSolution
		{BFF554B2-B367-4985-B008-E80F3CE25533}.Debug|x64.ActiveCfg = Debug|x64
		{BFF554B2-B367-4985-B008-E80F3CE25533}.Debug|x64.Build.0 = Debug|x64
		{BFF554B2-B367-4985-B008-E80F3CE25533}.Debug|x86.ActiveCfg = Debug|Win32
		{BFF554B2-B367-4985-B008-E80F3CE25533}.Debug|x86.Build.0 = Debug|Win32
		{BFF554B2-B367-4985-B008-E80F3CE25533}.Release|x64.ActiveCfg = Release|x64
		{BFF554B2-B367-4985-B008-E80F3CE25533}.Release|x64.Build.0 = Release|x64
		{BFF554B2-B367-4985-B008-E80F3CE25533}.Release|x86.ActiveCfg = Release|Win32
		{BFF554B2-B367-4985-B008-E80F3CE25533}.Release|x86.Build.0 = Release|Win32
	EndGlobalSection
	GlobalSection(SolutionProperties) = preSolution
		HideSolutionNode = FALSE
	EndGlobalSection
	GlobalSection(ExtensibilityGlobals) = postSolution
		SolutionGuid = {BEBCCC1E-970B-42B7-B568-AE812296A174}
	EndGlobalSection
EndGlobal
